
Microsoft Visual Studio Solution File, Format Version 12.00
# Visual Studio 15
VisualStudioVersion = 15.0.27703.2042
MinimumVisualStudioVersion = 10.0.40219.1
Project("{FAE04EC0-301F-11D3-BF4B-00C04F79EFBC}") = "Tp3", "Tp3\Tp3.csproj", "{17A05957-E849-47BA-8CD6-4267ABB1F49D}"
EndProject
Project("{FAE04EC0-301F-11D3-BF4B-00C04F79EFBC}") = "TP3Ex2", "ex2TP3\TP3Ex2.csproj", "{1E278307-DA65-49FF-8603-41E6CC89CD28}"
EndProject
Project("{FAE04EC0-301F-11D3-BF4B-00C04F79EFBC}") = "ex3TP3", "ex3TP3\ex3TP3.csproj", "{5501349E-1935-4B4F-9F52-F22086981596}"
EndProject
Project("{FAE04EC0-301F-11D3-BF4B-00C04F79EFBC}") = "ex4TP3", "ex4TP3\ex4TP3.csproj", "{9DAED09C-62AD-47F5-9DE2-9E1D79EFE1E8}"
EndProject
Project("{FAE04EC0-301F-11D3-BF4B-00C04F79EFBC}") = "ex5TP3", "ex5TP3\ex5TP3.csproj", "{F3D76FF0-4AA9-409A-A17A-113307821D04}"
EndProject
Project("{FAE04EC0-301F-11D3-BF4B-00C04F79EFBC}") = "ex6TP3", "ex6TP3\ex6TP3.csproj", "{D36CB7E5-A1BE-4239-8B21-8D4F8A62B39C}"
EndProject
Project("{FAE04EC0-301F-11D3-BF4B-00C04F79EFBC}") = "gestionStock", "..\preparation\gestionStock\gestionStock.csproj", "{7D556B49-6047-42A5-82C9-294BCD736B24}"
EndProject
Project("{FAE04EC0-301F-11D3-BF4B-00C04F79EFBC}") = "gestionException", "..\preparation\gestionException\gestionException.csproj", "{945FF066-8668-4D4B-964F-CB8EBB0ED0B0}"
EndProject
Project("{FAE04EC0-301F-11D3-BF4B-00C04F79EFBC}") = "lampesColorees", "..\preparation\lampesColorees\lampesColorees.csproj", "{D0C8BEBB-9023-4C6B-B930-CC0CB0D59D67}"
EndProject
Project("{FAE04EC0-301F-11D3-BF4B-00C04F79EFBC}") = "authentificationDelaiBarProgression", "..\preparation\authentificationDelaiBarProgression\authentificationDelaiBarProgression.csproj", "{787637CD-F77D-4354-A31F-FDDDB59AFA46}"
EndProject
Project("{FAE04EC0-301F-11D3-BF4B-00C04F79EFBC}") = "interfaceInscription", "..\preparation\interfaceInscription\interfaceInscription.csproj", "{F8889DF3-4214-4852-8833-D2BD3EC7075D}"
EndProject
Project("{FAE04EC0-301F-11D3-BF4B-00C04F79EFBC}") = "chronometre", "..\preparation\chronometre\chronometre.csproj", "{8EA40AA1-F714-4ACE-8026-650E242C5169}"
EndProject
Project("{FAE04EC0-301F-11D3-BF4B-00C04F79EFBC}") = "athentificationDelai", "..\preparation\athentificationDelai\athentificationDelai.csproj", "{0D946753-E3D3-42FE-8DF0-A74FC889DCE3}"
EndProject
Project("{FAE04EC0-301F-11D3-BF4B-00C04F79EFBC}") = "polymorphismePersonne", "..\preparation\polymorphismePersonne\polymorphismePersonne.csproj", "{733827E3-70AE-443C-9FFB-99DA49CADA0A}"
EndProject
Project("{FAE04EC0-301F-11D3-BF4B-00C04F79EFBC}") = "prixBillet", "..\preparation\prixBillet\prixBillet.csproj", "{58B920E0-6272-4B02-8A58-6AA59197C719}"
EndProject
Project("{FAE04EC0-301F-11D3-BF4B-00C04F79EFBC}") = "DeplacerElementsDeuxList", "..\preparation\DeplacerElementsDeuxList\DeplacerElementsDeuxList.csproj", "{65CFCA06-6409-483F-95FA-889AB191EF7E}"
EndProject
Project("{FAE04EC0-301F-11D3-BF4B-00C04F79EFBC}") = "classeAbstraiteEmploye", "..\preparation\classeAbstraiteEmploye\classeAbstraiteEmploye.csproj", "{84E0A3A9-2E7E-45A8-821F-D17C5319E37D}"
EndProject
Project("{FAE04EC0-301F-11D3-BF4B-00C04F79EFBC}") = "QCM", "..\preparation\QCM\QCM.csproj", "{9AAE7F32-50AD-477A-8449-29AB8863D1D7}"
EndProject
Project("{FAE04EC0-301F-11D3-BF4B-00C04F79EFBC}") = "TP1Ex2", "..\preparation\TP1Ex2\TP1Ex2.csproj", "{D1B7B6F4-2F13-4CCE-8C76-F17158296B3A}"
EndProject
Global
	GlobalSection(SolutionConfigurationPlatforms) = preSolution
		Debug|Any CPU = Debug|Any CPU
		Release|Any CPU = Release|Any CPU
	EndGlobalSection
	GlobalSection(ProjectConfigurationPlatforms) = postSolution
		{17A05957-E849-47BA-8CD6-4267ABB1F49D}.Debug|Any CPU.ActiveCfg = Debug|Any CPU
		{17A05957-E849-47BA-8CD6-4267ABB1F49D}.Debug|Any CPU.Build.0 = Debug|Any CPU
		{17A05957-E849-47BA-8CD6-4267ABB1F49D}.Release|Any CPU.ActiveCfg = Release|Any CPU
		{17A05957-E849-47BA-8CD6-4267ABB1F49D}.Release|Any CPU.Build.0 = Release|Any CPU
		{1E278307-DA65-49FF-8603-41E6CC89CD28}.Debug|Any CPU.ActiveCfg = Debug|Any CPU
		{1E278307-DA65-49FF-8603-41E6CC89CD28}.Debug|Any CPU.Build.0 = Debug|Any CPU
		{1E278307-DA65-49FF-8603-41E6CC89CD28}.Release|Any CPU.ActiveCfg = Release|Any CPU
		{1E278307-DA65-49FF-8603-41E6CC89CD28}.Release|Any CPU.Build.0 = Release|Any CPU
		{5501349E-1935-4B4F-9F52-F22086981596}.Debug|Any CPU.ActiveCfg = Debug|Any CPU
		{5501349E-1935-4B4F-9F52-F22086981596}.Debug|Any CPU.Build.0 = Debug|Any CPU
		{5501349E-1935-4B4F-9F52-F22086981596}.Release|Any CPU.ActiveCfg = Release|Any CPU
		{5501349E-1935-4B4F-9F52-F22086981596}.Release|Any CPU.Build.0 = Release|Any CPU
		{9DAED09C-62AD-47F5-9DE2-9E1D79EFE1E8}.Debug|Any CPU.ActiveCfg = Debug|Any CPU
		{9DAED09C-62AD-47F5-9DE2-9E1D79EFE1E8}.Debug|Any CPU.Build.0 = Debug|Any CPU
		{9DAED09C-62AD-47F5-9DE2-9E1D79EFE1E8}.Release|Any CPU.ActiveCfg = Release|Any CPU
		{9DAED09C-62AD-47F5-9DE2-9E1D79EFE1E8}.Release|Any CPU.Build.0 = Release|Any CPU
		{F3D76FF0-4AA9-409A-A17A-113307821D04}.Debug|Any CPU.ActiveCfg = Debug|Any CPU
		{F3D76FF0-4AA9-409A-A17A-113307821D04}.Debug|Any CPU.Build.0 = Debug|Any CPU
		{F3D76FF0-4AA9-409A-A17A-113307821D04}.Release|Any CPU.ActiveCfg = Release|Any CPU
		{F3D76FF0-4AA9-409A-A17A-113307821D04}.Release|Any CPU.Build.0 = Release|Any CPU
		{D36CB7E5-A1BE-4239-8B21-8D4F8A62B39C}.Debug|Any CPU.ActiveCfg = Debug|Any CPU
		{D36CB7E5-A1BE-4239-8B21-8D4F8A62B39C}.Debug|Any CPU.Build.0 = Debug|Any CPU
		{D36CB7E5-A1BE-4239-8B21-8D4F8A62B39C}.Release|Any CPU.ActiveCfg = Release|Any CPU
		{D36CB7E5-A1BE-4239-8B21-8D4F8A62B39C}.Release|Any CPU.Build.0 = Release|Any CPU
		{7D556B49-6047-42A5-82C9-294BCD736B24}.Debug|Any CPU.ActiveCfg = Debug|Any CPU
		{7D556B49-6047-42A5-82C9-294BCD736B24}.Debug|Any CPU.Build.0 = Debug|Any CPU
		{7D556B49-6047-42A5-82C9-294BCD736B24}.Release|Any CPU.ActiveCfg = Release|Any CPU
		{7D556B49-6047-42A5-82C9-294BCD736B24}.Release|Any CPU.Build.0 = Release|Any CPU
		{945FF066-8668-4D4B-964F-CB8EBB0ED0B0}.Debug|Any CPU.ActiveCfg = Debug|Any CPU
		{945FF066-8668-4D4B-964F-CB8EBB0ED0B0}.Debug|Any CPU.Build.0 = Debug|Any CPU
		{945FF066-8668-4D4B-964F-CB8EBB0ED0B0}.Release|Any CPU.ActiveCfg = Release|Any CPU
		{945FF066-8668-4D4B-964F-CB8EBB0ED0B0}.Release|Any CPU.Build.0 = Release|Any CPU
		{D0C8BEBB-9023-4C6B-B930-CC0CB0D59D67}.Debug|Any CPU.ActiveCfg = Debug|Any CPU
		{D0C8BEBB-9023-4C6B-B930-CC0CB0D59D67}.Debug|Any CPU.Build.0 = Debug|Any CPU
		{D0C8BEBB-9023-4C6B-B930-CC0CB0D59D67}.Release|Any CPU.ActiveCfg = Release|Any CPU
		{D0C8BEBB-9023-4C6B-B930-CC0CB0D59D67}.Release|Any CPU.Build.0 = Release|Any CPU
		{787637CD-F77D-4354-A31F-FDDDB59AFA46}.Debug|Any CPU.ActiveCfg = Debug|Any CPU
		{787637CD-F77D-4354-A31F-FDDDB59AFA46}.Debug|Any CPU.Build.0 = Debug|Any CPU
		{787637CD-F77D-4354-A31F-FDDDB59AFA46}.Release|Any CPU.ActiveCfg = Release|Any CPU
		{787637CD-F77D-4354-A31F-FDDDB59AFA46}.Release|Any CPU.Build.0 = Release|Any CPU
		{F8889DF3-4214-4852-8833-D2BD3EC7075D}.Debug|Any CPU.ActiveCfg = Debug|Any CPU
		{F8889DF3-4214-4852-8833-D2BD3EC7075D}.Debug|Any CPU.Build.0 = Debug|Any CPU
		{F8889DF3-4214-4852-8833-D2BD3EC7075D}.Release|Any CPU.ActiveCfg = Release|Any CPU
		{F8889DF3-4214-4852-8833-D2BD3EC7075D}.Release|Any CPU.Build.0 = Release|Any CPU
		{8EA40AA1-F714-4ACE-8026-650E242C5169}.Debug|Any CPU.ActiveCfg = Debug|Any CPU
		{8EA40AA1-F714-4ACE-8026-650E242C5169}.Debug|Any CPU.Build.0 = Debug|Any CPU
		{8EA40AA1-F714-4ACE-8026-650E242C5169}.Release|Any CPU.ActiveCfg = Release|Any CPU
		{8EA40AA1-F714-4ACE-8026-650E242C5169}.Release|Any CPU.Build.0 = Release|Any CPU
		{0D946753-E3D3-42FE-8DF0-A74FC889DCE3}.Debug|Any CPU.ActiveCfg = Debug|Any CPU
		{0D946753-E3D3-42FE-8DF0-A74FC889DCE3}.Debug|Any CPU.Build.0 = Debug|Any CPU
		{0D946753-E3D3-42FE-8DF0-A74FC889DCE3}.Release|Any CPU.ActiveCfg = Release|Any CPU
		{0D946753-E3D3-42FE-8DF0-A74FC889DCE3}.Release|Any CPU.Build.0 = Release|Any CPU
		{733827E3-70AE-443C-9FFB-99DA49CADA0A}.Debug|Any CPU.ActiveCfg = Debug|Any CPU
		{733827E3-70AE-443C-9FFB-99DA49CADA0A}.Debug|Any CPU.Build.0 = Debug|Any CPU
		{733827E3-70AE-443C-9FFB-99DA49CADA0A}.Release|Any CPU.ActiveCfg = Release|Any CPU
		{733827E3-70AE-443C-9FFB-99DA49CADA0A}.Release|Any CPU.Build.0 = Release|Any CPU
		{58B920E0-6272-4B02-8A58-6AA59197C719}.Debug|Any CPU.ActiveCfg = Debug|Any CPU
		{58B920E0-6272-4B02-8A58-6AA59197C719}.Debug|Any CPU.Build.0 = Debug|Any CPU
		{58B920E0-6272-4B02-8A58-6AA59197C719}.Release|Any CPU.ActiveCfg = Release|Any CPU
		{58B920E0-6272-4B02-8A58-6AA59197C719}.Release|Any CPU.Build.0 = Release|Any CPU
		{65CFCA06-6409-483F-95FA-889AB191EF7E}.Debug|Any CPU.ActiveCfg = Debug|Any CPU
		{65CFCA06-6409-483F-95FA-889AB191EF7E}.Debug|Any CPU.Build.0 = Debug|Any CPU
		{65CFCA06-6409-483F-95FA-889AB191EF7E}.Release|Any CPU.ActiveCfg = Release|Any CPU
		{65CFCA06-6409-483F-95FA-889AB191EF7E}.Release|Any CPU.Build.0 = Release|Any CPU
		{84E0A3A9-2E7E-45A8-821F-D17C5319E37D}.Debug|Any CPU.ActiveCfg = Debug|Any CPU
		{84E0A3A9-2E7E-45A8-821F-D17C5319E37D}.Debug|Any CPU.Build.0 = Debug|Any CPU
		{84E0A3A9-2E7E-45A8-821F-D17C5319E37D}.Release|Any CPU.ActiveCfg = Release|Any CPU
		{84E0A3A9-2E7E-45A8-821F-D17C5319E37D}.Release|Any CPU.Build.0 = Release|Any CPU
		{9AAE7F32-50AD-477A-8449-29AB8863D1D7}.Debug|Any CPU.ActiveCfg = Debug|Any CPU
		{9AAE7F32-50AD-477A-8449-29AB8863D1D7}.Debug|Any CPU.Build.0 = Debug|Any CPU
		{9AAE7F32-50AD-477A-8449-29AB8863D1D7}.Release|Any CPU.ActiveCfg = Release|Any CPU
		{9AAE7F32-50AD-477A-8449-29AB8863D1D7}.Release|Any CPU.Build.0 = Release|Any CPU
		{D1B7B6F4-2F13-4CCE-8C76-F17158296B3A}.Debug|Any CPU.ActiveCfg = Debug|Any CPU
		{D1B7B6F4-2F13-4CCE-8C76-F17158296B3A}.Debug|Any CPU.Build.0 = Debug|Any CPU
		{D1B7B6F4-2F13-4CCE-8C76-F17158296B3A}.Release|Any CPU.ActiveCfg = Release|Any CPU
		{D1B7B6F4-2F13-4CCE-8C76-F17158296B3A}.Release|Any CPU.Build.0 = Release|Any CPU
	EndGlobalSection
	GlobalSection(SolutionProperties) = preSolution
		HideSolutionNode = FALSE
	EndGlobalSection
	GlobalSection(ExtensibilityGlobals) = postSolution
		SolutionGuid = {4834C12D-F968-4BA5-BA8A-C51E6ECEAF84}
	EndGlobalSection
EndGlobal
