
Microsoft Visual Studio Solution File, Format Version 12.00
# Visual Studio 15
VisualStudioVersion = 15.0.27703.2042
MinimumVisualStudioVersion = 10.0.40219.1
Project("{FAE04EC0-301F-11D3-BF4B-00C04F79EFBC}") = "ex1", "ex1\ex1.csproj", "{41FD02AA-9653-4998-A370-834B728CEE83}"
EndProject
Project("{FAE04EC0-301F-11D3-BF4B-00C04F79EFBC}") = "ex1Client", "ex1Client\ex1Client.csproj", "{7538ADAD-D502-4677-8258-76FAC44CDF73}"
EndProject
Global
	GlobalSection(SolutionConfigurationPlatforms) = preSolution
		Debug|Any CPU = Debug|Any CPU
		Release|Any CPU = Release|Any CPU
	EndGlobalSection
	GlobalSection(ProjectConfigurationPlatforms) = postSolution
		{41FD02AA-9653-4998-A370-834B728CEE83}.Debug|Any CPU.ActiveCfg = Debug|Any CPU
		{41FD02AA-9653-4998-A370-834B728CEE83}.Debug|Any CPU.Build.0 = Debug|Any CPU
		{41FD02AA-9653-4998-A370-834B728CEE83}.Release|Any CPU.ActiveCfg = Release|Any CPU
		{41FD02AA-9653-4998-A370-834B728CEE83}.Release|Any CPU.Build.0 = Release|Any CPU
		{7538ADAD-D502-4677-8258-76FAC44CDF73}.Debug|Any CPU.ActiveCfg = Debug|Any CPU
		{7538ADAD-D502-4677-8258-76FAC44CDF73}.Debug|Any CPU.Build.0 = Debug|Any CPU
		{7538ADAD-D502-4677-8258-76FAC44CDF73}.Release|Any CPU.ActiveCfg = Release|Any CPU
		{7538ADAD-D502-4677-8258-76FAC44CDF73}.Release|Any CPU.Build.0 = Release|Any CPU
	EndGlobalSection
	GlobalSection(SolutionProperties) = preSolution
		HideSolutionNode = FALSE
	EndGlobalSection
	GlobalSection(ExtensibilityGlobals) = postSolution
		SolutionGuid = {137E1640-2297-403D-96D8-42A5E4EA28C2}
	EndGlobalSection
EndGlobal
