
Microsoft Visual Studio Solution File, Format Version 12.00
# Visual Studio 15
VisualStudioVersion = 15.0.27703.2042
MinimumVisualStudioVersion = 10.0.40219.1
Project("{FAE04EC0-301F-11D3-BF4B-00C04F79EFBC}") = "ex2", "ex1\ex2.csproj", "{1BCBBF82-ADAF-4EB5-B61C-E0306801662D}"
EndProject
Project("{FAE04EC0-301F-11D3-BF4B-00C04F79EFBC}") = "ex4", "ex4\ex4.csproj", "{33BBFE89-9403-4BB5-9ADE-2F261B90E796}"
EndProject
Project("{FAE04EC0-301F-11D3-BF4B-00C04F79EFBC}") = "ex5", "ex5\ex5.csproj", "{70B04D01-7F6B-438F-8E42-4CE93BE6D620}"
EndProject
Project("{FAE04EC0-301F-11D3-BF4B-00C04F79EFBC}") = "ex6", "ex6\ex6.csproj", "{97B7C5F1-1701-479C-86CA-C33D0C88A710}"
EndProject
Project("{FAE04EC0-301F-11D3-BF4B-00C04F79EFBC}") = "ex3", "ex3\ex3.csproj", "{A37D531E-8623-420C-B989-8E9101B1D622}"
EndProject
Global
	GlobalSection(SolutionConfigurationPlatforms) = preSolution
		Debug|Any CPU = Debug|Any CPU
		Release|Any CPU = Release|Any CPU
	EndGlobalSection
	GlobalSection(ProjectConfigurationPlatforms) = postSolution
		{1BCBBF82-ADAF-4EB5-B61C-E0306801662D}.Debug|Any CPU.ActiveCfg = Debug|Any CPU
		{1BCBBF82-ADAF-4EB5-B61C-E0306801662D}.Debug|Any CPU.Build.0 = Debug|Any CPU
		{1BCBBF82-ADAF-4EB5-B61C-E0306801662D}.Release|Any CPU.ActiveCfg = Release|Any CPU
		{1BCBBF82-ADAF-4EB5-B61C-E0306801662D}.Release|Any CPU.Build.0 = Release|Any CPU
		{33BBFE89-9403-4BB5-9ADE-2F261B90E796}.Debug|Any CPU.ActiveCfg = Debug|Any CPU
		{33BBFE89-9403-4BB5-9ADE-2F261B90E796}.Debug|Any CPU.Build.0 = Debug|Any CPU
		{33BBFE89-9403-4BB5-9ADE-2F261B90E796}.Release|Any CPU.ActiveCfg = Release|Any CPU
		{33BBFE89-9403-4BB5-9ADE-2F261B90E796}.Release|Any CPU.Build.0 = Release|Any CPU
		{70B04D01-7F6B-438F-8E42-4CE93BE6D620}.Debug|Any CPU.ActiveCfg = Debug|Any CPU
		{70B04D01-7F6B-438F-8E42-4CE93BE6D620}.Debug|Any CPU.Build.0 = Debug|Any CPU
		{70B04D01-7F6B-438F-8E42-4CE93BE6D620}.Release|Any CPU.ActiveCfg = Release|Any CPU
		{70B04D01-7F6B-438F-8E42-4CE93BE6D620}.Release|Any CPU.Build.0 = Release|Any CPU
		{97B7C5F1-1701-479C-86CA-C33D0C88A710}.Debug|Any CPU.ActiveCfg = Debug|Any CPU
		{97B7C5F1-1701-479C-86CA-C33D0C88A710}.Debug|Any CPU.Build.0 = Debug|Any CPU
		{97B7C5F1-1701-479C-86CA-C33D0C88A710}.Release|Any CPU.ActiveCfg = Release|Any CPU
		{97B7C5F1-1701-479C-86CA-C33D0C88A710}.Release|Any CPU.Build.0 = Release|Any CPU
		{A37D531E-8623-420C-B989-8E9101B1D622}.Debug|Any CPU.ActiveCfg = Debug|Any CPU
		{A37D531E-8623-420C-B989-8E9101B1D622}.Debug|Any CPU.Build.0 = Debug|Any CPU
		{A37D531E-8623-420C-B989-8E9101B1D622}.Release|Any CPU.ActiveCfg = Release|Any CPU
		{A37D531E-8623-420C-B989-8E9101B1D622}.Release|Any CPU.Build.0 = Release|Any CPU
	EndGlobalSection
	GlobalSection(SolutionProperties) = preSolution
		HideSolutionNode = FALSE
	EndGlobalSection
	GlobalSection(ExtensibilityGlobals) = postSolution
		SolutionGuid = {8865A02D-44F1-4A31-87B9-D1B444F428C3}
	EndGlobalSection
EndGlobal
