
Microsoft Visual Studio Solution File, Format Version 12.00
# Visual Studio 15
VisualStudioVersion = 15.0.27703.2042
MinimumVisualStudioVersion = 10.0.40219.1
Project("{FAE04EC0-301F-11D3-BF4B-00C04F79EFBC}") = "ex1", "ex1\ex1.csproj", "{7084DCF5-C6E4-4C11-9B74-F2DAA8F583F2}"
EndProject
Project("{FAE04EC0-301F-11D3-BF4B-00C04F79EFBC}") = "ex1.Tests", "ex1.Tests\ex1.Tests.csproj", "{F636E823-2DCD-4472-9A84-25DAE246E749}"
EndProject
Project("{FAE04EC0-301F-11D3-BF4B-00C04F79EFBC}") = "ex2", "ex2\ex2.csproj", "{475C46BE-1A02-495E-A295-F7B1B134D4A9}"
EndProject
Project("{FAE04EC0-301F-11D3-BF4B-00C04F79EFBC}") = "ex2.Tests", "ex2.Tests\ex2.Tests.csproj", "{CF313D56-D049-437C-B6AD-7F90E6D9FD44}"
EndProject
Global
	GlobalSection(SolutionConfigurationPlatforms) = preSolution
		Debug|Any CPU = Debug|Any CPU
		Release|Any CPU = Release|Any CPU
	EndGlobalSection
	GlobalSection(ProjectConfigurationPlatforms) = postSolution
		{7084DCF5-C6E4-4C11-9B74-F2DAA8F583F2}.Debug|Any CPU.ActiveCfg = Debug|Any CPU
		{7084DCF5-C6E4-4C11-9B74-F2DAA8F583F2}.Debug|Any CPU.Build.0 = Debug|Any CPU
		{7084DCF5-C6E4-4C11-9B74-F2DAA8F583F2}.Release|Any CPU.ActiveCfg = Release|Any CPU
		{7084DCF5-C6E4-4C11-9B74-F2DAA8F583F2}.Release|Any CPU.Build.0 = Release|Any CPU
		{F636E823-2DCD-4472-9A84-25DAE246E749}.Debug|Any CPU.ActiveCfg = Debug|Any CPU
		{F636E823-2DCD-4472-9A84-25DAE246E749}.Debug|Any CPU.Build.0 = Debug|Any CPU
		{F636E823-2DCD-4472-9A84-25DAE246E749}.Release|Any CPU.ActiveCfg = Release|Any CPU
		{F636E823-2DCD-4472-9A84-25DAE246E749}.Release|Any CPU.Build.0 = Release|Any CPU
		{475C46BE-1A02-495E-A295-F7B1B134D4A9}.Debug|Any CPU.ActiveCfg = Debug|Any CPU
		{475C46BE-1A02-495E-A295-F7B1B134D4A9}.Debug|Any CPU.Build.0 = Debug|Any CPU
		{475C46BE-1A02-495E-A295-F7B1B134D4A9}.Release|Any CPU.ActiveCfg = Release|Any CPU
		{475C46BE-1A02-495E-A295-F7B1B134D4A9}.Release|Any CPU.Build.0 = Release|Any CPU
		{CF313D56-D049-437C-B6AD-7F90E6D9FD44}.Debug|Any CPU.ActiveCfg = Debug|Any CPU
		{CF313D56-D049-437C-B6AD-7F90E6D9FD44}.Debug|Any CPU.Build.0 = Debug|Any CPU
		{CF313D56-D049-437C-B6AD-7F90E6D9FD44}.Release|Any CPU.ActiveCfg = Release|Any CPU
		{CF313D56-D049-437C-B6AD-7F90E6D9FD44}.Release|Any CPU.Build.0 = Release|Any CPU
	EndGlobalSection
	GlobalSection(SolutionProperties) = preSolution
		HideSolutionNode = FALSE
	EndGlobalSection
	GlobalSection(ExtensibilityGlobals) = postSolution
		SolutionGuid = {B41187FA-D9DE-442A-8AE3-391287A07FA2}
	EndGlobalSection
EndGlobal
