
Microsoft Visual Studio Solution File, Format Version 12.00
# Visual Studio 15
VisualStudioVersion = 15.0.27703.2042
MinimumVisualStudioVersion = 10.0.40219.1
Project("{FAE04EC0-301F-11D3-BF4B-00C04F79EFBC}") = "Tp9DataBaseEx1", "Tp9DataBaseEx1\Tp9DataBaseEx1.csproj", "{09D6068E-5691-4251-B311-364EAE5394E0}"
EndProject
Project("{FAE04EC0-301F-11D3-BF4B-00C04F79EFBC}") = "Tp9DataBaseDeconnecteEx1", "Tp9DataBaseDeconnecteEx1\Tp9DataBaseDeconnecteEx1.csproj", "{C1450466-3109-4FE4-BBD8-3F12958D67D3}"
EndProject
Project("{FAE04EC0-301F-11D3-BF4B-00C04F79EFBC}") = "crudSample", "crudSample\crudSample.csproj", "{9318EF4E-F62B-4193-BCE7-F351933BF08A}"
EndProject
Project("{FAE04EC0-301F-11D3-BF4B-00C04F79EFBC}") = "projetCSharp", "projetCSharp\projetCSharp.csproj", "{AD616AB1-CBD4-4599-A2CD-BAC1977955F8}"
EndProject
Project("{FAE04EC0-301F-11D3-BF4B-00C04F79EFBC}") = "Tp9DataBaseLinqToSQL", "Tp9DataBaseLinqToSQL\Tp9DataBaseLinqToSQL.csproj", "{612020FC-E150-444D-AC1D-8FDA823033DB}"
EndProject
Project("{FAE04EC0-301F-11D3-BF4B-00C04F79EFBC}") = "Tp9DataBaseReporting", "Tp9DataBaseReporting\Tp9DataBaseReporting.csproj", "{C86ACC79-C724-42FC-AFAA-0472F34E8AB7}"
EndProject
Global
	GlobalSection(SolutionConfigurationPlatforms) = preSolution
		Debug|Any CPU = Debug|Any CPU
		Release|Any CPU = Release|Any CPU
	EndGlobalSection
	GlobalSection(ProjectConfigurationPlatforms) = postSolution
		{09D6068E-5691-4251-B311-364EAE5394E0}.Debug|Any CPU.ActiveCfg = Debug|Any CPU
		{09D6068E-5691-4251-B311-364EAE5394E0}.Debug|Any CPU.Build.0 = Debug|Any CPU
		{09D6068E-5691-4251-B311-364EAE5394E0}.Release|Any CPU.ActiveCfg = Release|Any CPU
		{09D6068E-5691-4251-B311-364EAE5394E0}.Release|Any CPU.Build.0 = Release|Any CPU
		{C1450466-3109-4FE4-BBD8-3F12958D67D3}.Debug|Any CPU.ActiveCfg = Debug|Any CPU
		{C1450466-3109-4FE4-BBD8-3F12958D67D3}.Debug|Any CPU.Build.0 = Debug|Any CPU
		{C1450466-3109-4FE4-BBD8-3F12958D67D3}.Release|Any CPU.ActiveCfg = Release|Any CPU
		{C1450466-3109-4FE4-BBD8-3F12958D67D3}.Release|Any CPU.Build.0 = Release|Any CPU
		{9318EF4E-F62B-4193-BCE7-F351933BF08A}.Debug|Any CPU.ActiveCfg = Debug|Any CPU
		{9318EF4E-F62B-4193-BCE7-F351933BF08A}.Debug|Any CPU.Build.0 = Debug|Any CPU
		{9318EF4E-F62B-4193-BCE7-F351933BF08A}.Release|Any CPU.ActiveCfg = Release|Any CPU
		{9318EF4E-F62B-4193-BCE7-F351933BF08A}.Release|Any CPU.Build.0 = Release|Any CPU
		{AD616AB1-CBD4-4599-A2CD-BAC1977955F8}.Debug|Any CPU.ActiveCfg = Debug|Any CPU
		{AD616AB1-CBD4-4599-A2CD-BAC1977955F8}.Debug|Any CPU.Build.0 = Debug|Any CPU
		{AD616AB1-CBD4-4599-A2CD-BAC1977955F8}.Release|Any CPU.ActiveCfg = Release|Any CPU
		{AD616AB1-CBD4-4599-A2CD-BAC1977955F8}.Release|Any CPU.Build.0 = Release|Any CPU
		{612020FC-E150-444D-AC1D-8FDA823033DB}.Debug|Any CPU.ActiveCfg = Debug|Any CPU
		{612020FC-E150-444D-AC1D-8FDA823033DB}.Debug|Any CPU.Build.0 = Debug|Any CPU
		{612020FC-E150-444D-AC1D-8FDA823033DB}.Release|Any CPU.ActiveCfg = Release|Any CPU
		{612020FC-E150-444D-AC1D-8FDA823033DB}.Release|Any CPU.Build.0 = Release|Any CPU
		{C86ACC79-C724-42FC-AFAA-0472F34E8AB7}.Debug|Any CPU.ActiveCfg = Debug|Any CPU
		{C86ACC79-C724-42FC-AFAA-0472F34E8AB7}.Debug|Any CPU.Build.0 = Debug|Any CPU
		{C86ACC79-C724-42FC-AFAA-0472F34E8AB7}.Release|Any CPU.ActiveCfg = Release|Any CPU
		{C86ACC79-C724-42FC-AFAA-0472F34E8AB7}.Release|Any CPU.Build.0 = Release|Any CPU
	EndGlobalSection
	GlobalSection(SolutionProperties) = preSolution
		HideSolutionNode = FALSE
	EndGlobalSection
	GlobalSection(ExtensibilityGlobals) = postSolution
		SolutionGuid = {55540D60-5D65-4AFC-A28F-BEA4112C9257}
	EndGlobalSection
EndGlobal
